
Microsoft Visual Studio Solution File, Format Version 12.00
# Visual Studio Version 17
VisualStudioVersion = 17.0.31903.59
MinimumVisualStudioVersion = 10.0.40219.1
Project("{FAE04EC0-301F-11D3-BF4B-00C04F79EFBC}") = "InterviewReader.API", "InterviewReader.API\InterviewReader.API.csproj", "{A919F88F-8667-4722-81F9-4C40CD733067}"
EndProject
Project("{FAE04EC0-301F-11D3-BF4B-00C04F79EFBC}") = "InterviewReader.Application", "InterviewReader.Application\InterviewReader.Application.csproj", "{9EC65B39-6F5E-40E5-B03C-E027EDD7AF67}"
EndProject
Project("{FAE04EC0-301F-11D3-BF4B-00C04F79EFBC}") = "InterviewReader.Domain", "InterviewReader.Domain\InterviewReader.Domain.csproj", "{ABB13777-C245-41F6-97AA-A3BC620BE02B}"
EndProject
Project("{FAE04EC0-301F-11D3-BF4B-00C04F79EFBC}") = "InterviewReader.Infrastructure", "InterviewReader.Infrastructure\InterviewReader.Infrastructure.csproj", "{C5FDBDE8-FA68-431E-95CC-2ED98D6CDB70}"
EndProject
Global
	GlobalSection(SolutionConfigurationPlatforms) = preSolution
		Debug|Any CPU = Debug|Any CPU
		Debug|x64 = Debug|x64
		Debug|x86 = Debug|x86
		Release|Any CPU = Release|Any CPU
		Release|x64 = Release|x64
		Release|x86 = Release|x86
	EndGlobalSection
	GlobalSection(ProjectConfigurationPlatforms) = postSolution
		{A919F88F-8667-4722-81F9-4C40CD733067}.Debug|Any CPU.ActiveCfg = Debug|Any CPU
		{A919F88F-8667-4722-81F9-4C40CD733067}.Debug|Any CPU.Build.0 = Debug|Any CPU
		{A919F88F-8667-4722-81F9-4C40CD733067}.Debug|x64.ActiveCfg = Debug|Any CPU
		{A919F88F-8667-4722-81F9-4C40CD733067}.Debug|x64.Build.0 = Debug|Any CPU
		{A919F88F-8667-4722-81F9-4C40CD733067}.Debug|x86.ActiveCfg = Debug|Any CPU
		{A919F88F-8667-4722-81F9-4C40CD733067}.Debug|x86.Build.0 = Debug|Any CPU
		{A919F88F-8667-4722-81F9-4C40CD733067}.Release|Any CPU.ActiveCfg = Release|Any CPU
		{A919F88F-8667-4722-81F9-4C40CD733067}.Release|Any CPU.Build.0 = Release|Any CPU
		{A919F88F-8667-4722-81F9-4C40CD733067}.Release|x64.ActiveCfg = Release|Any CPU
		{A919F88F-8667-4722-81F9-4C40CD733067}.Release|x64.Build.0 = Release|Any CPU
		{A919F88F-8667-4722-81F9-4C40CD733067}.Release|x86.ActiveCfg = Release|Any CPU
		{A919F88F-8667-4722-81F9-4C40CD733067}.Release|x86.Build.0 = Release|Any CPU
		{9EC65B39-6F5E-40E5-B03C-E027EDD7AF67}.Debug|Any CPU.ActiveCfg = Debug|Any CPU
		{9EC65B39-6F5E-40E5-B03C-E027EDD7AF67}.Debug|Any CPU.Build.0 = Debug|Any CPU
		{9EC65B39-6F5E-40E5-B03C-E027EDD7AF67}.Debug|x64.ActiveCfg = Debug|Any CPU
		{9EC65B39-6F5E-40E5-B03C-E027EDD7AF67}.Debug|x64.Build.0 = Debug|Any CPU
		{9EC65B39-6F5E-40E5-B03C-E027EDD7AF67}.Debug|x86.ActiveCfg = Debug|Any CPU
		{9EC65B39-6F5E-40E5-B03C-E027EDD7AF67}.Debug|x86.Build.0 = Debug|Any CPU
		{9EC65B39-6F5E-40E5-B03C-E027EDD7AF67}.Release|Any CPU.ActiveCfg = Release|Any CPU
		{9EC65B39-6F5E-40E5-B03C-E027EDD7AF67}.Release|Any CPU.Build.0 = Release|Any CPU
		{9EC65B39-6F5E-40E5-B03C-E027EDD7AF67}.Release|x64.ActiveCfg = Release|Any CPU
		{9EC65B39-6F5E-40E5-B03C-E027EDD7AF67}.Release|x64.Build.0 = Release|Any CPU
		{9EC65B39-6F5E-40E5-B03C-E027EDD7AF67}.Release|x86.ActiveCfg = Release|Any CPU
		{9EC65B39-6F5E-40E5-B03C-E027EDD7AF67}.Release|x86.Build.0 = Release|Any CPU
		{ABB13777-C245-41F6-97AA-A3BC620BE02B}.Debug|Any CPU.ActiveCfg = Debug|Any CPU
		{ABB13777-C245-41F6-97AA-A3BC620BE02B}.Debug|Any CPU.Build.0 = Debug|Any CPU
		{ABB13777-C245-41F6-97AA-A3BC620BE02B}.Debug|x64.ActiveCfg = Debug|Any CPU
		{ABB13777-C245-41F6-97AA-A3BC620BE02B}.Debug|x64.Build.0 = Debug|Any CPU
		{ABB13777-C245-41F6-97AA-A3BC620BE02B}.Debug|x86.ActiveCfg = Debug|Any CPU
		{ABB13777-C245-41F6-97AA-A3BC620BE02B}.Debug|x86.Build.0 = Debug|Any CPU
		{ABB13777-C245-41F6-97AA-A3BC620BE02B}.Release|Any CPU.ActiveCfg = Release|Any CPU
		{ABB13777-C245-41F6-97AA-A3BC620BE02B}.Release|Any CPU.Build.0 = Release|Any CPU
		{ABB13777-C245-41F6-97AA-A3BC620BE02B}.Release|x64.ActiveCfg = Release|Any CPU
		{ABB13777-C245-41F6-97AA-A3BC620BE02B}.Release|x64.Build.0 = Release|Any CPU
		{ABB13777-C245-41F6-97AA-A3BC620BE02B}.Release|x86.ActiveCfg = Release|Any CPU
		{ABB13777-C245-41F6-97AA-A3BC620BE02B}.Release|x86.Build.0 = Release|Any CPU
		{C5FDBDE8-FA68-431E-95CC-2ED98D6CDB70}.Debug|Any CPU.ActiveCfg = Debug|Any CPU
		{C5FDBDE8-FA68-431E-95CC-2ED98D6CDB70}.Debug|Any CPU.Build.0 = Debug|Any CPU
		{C5FDBDE8-FA68-431E-95CC-2ED98D6CDB70}.Debug|x64.ActiveCfg = Debug|Any CPU
		{C5FDBDE8-FA68-431E-95CC-2ED98D6CDB70}.Debug|x64.Build.0 = Debug|Any CPU
		{C5FDBDE8-FA68-431E-95CC-2ED98D6CDB70}.Debug|x86.ActiveCfg = Debug|Any CPU
		{C5FDBDE8-FA68-431E-95CC-2ED98D6CDB70}.Debug|x86.Build.0 = Debug|Any CPU
		{C5FDBDE8-FA68-431E-95CC-2ED98D6CDB70}.Release|Any CPU.ActiveCfg = Release|Any CPU
		{C5FDBDE8-FA68-431E-95CC-2ED98D6CDB70}.Release|Any CPU.Build.0 = Release|Any CPU
		{C5FDBDE8-FA68-431E-95CC-2ED98D6CDB70}.Release|x64.ActiveCfg = Release|Any CPU
		{C5FDBDE8-FA68-431E-95CC-2ED98D6CDB70}.Release|x64.Build.0 = Release|Any CPU
		{C5FDBDE8-FA68-431E-95CC-2ED98D6CDB70}.Release|x86.ActiveCfg = Release|Any CPU
		{C5FDBDE8-FA68-431E-95CC-2ED98D6CDB70}.Release|x86.Build.0 = Release|Any CPU
	EndGlobalSection
	GlobalSection(SolutionProperties) = preSolution
		HideSolutionNode = FALSE
	EndGlobalSection
EndGlobal
